// !$*UTF8*$!
{
	archiveVersion = 1;
	classes = {
	};
	objectVersion = 46;
	objects = {

/* Begin PBXBuildFile section */
		4B95E162AFBBA2F7CE4D538A /* Pods_IG_Lab.framework in Frameworks */ = {isa = PBXBuildFile; fileRef = C519B659006DEBB3A1327CE8 /* Pods_IG_Lab.framework */; settings = {ATTRIBUTES = (Weak, ); }; };
		9D0F96FB1B8E913F0016E740 /* PhotoDetailsViewController.swift in Sources */ = {isa = PBXBuildFile; fileRef = 9D0F96FA1B8E913F0016E740 /* PhotoDetailsViewController.swift */; };
		9D6DFBD91B8E766500637CD0 /* PhotosViewController.swift in Sources */ = {isa = PBXBuildFile; fileRef = 9D6DFBD81B8E766500637CD0 /* PhotosViewController.swift */; };
		9D6DFBDC1B8E7AAE00637CD0 /* PhotoViewCell.swift in Sources */ = {isa = PBXBuildFile; fileRef = 9D6DFBDB1B8E7AAE00637CD0 /* PhotoViewCell.swift */; };
		9DF0E7AA1B8E73AA00DD7017 /* AppDelegate.swift in Sources */ = {isa = PBXBuildFile; fileRef = 9DF0E7A91B8E73AA00DD7017 /* AppDelegate.swift */; };
		9DF0E7AF1B8E73AA00DD7017 /* Main.storyboard in Resources */ = {isa = PBXBuildFile; fileRef = 9DF0E7AD1B8E73AA00DD7017 /* Main.storyboard */; };
		9DF0E7B11B8E73AA00DD7017 /* Images.xcassets in Resources */ = {isa = PBXBuildFile; fileRef = 9DF0E7B01B8E73AA00DD7017 /* Images.xcassets */; };
		9DF0E7B41B8E73AA00DD7017 /* LaunchScreen.xib in Resources */ = {isa = PBXBuildFile; fileRef = 9DF0E7B21B8E73AA00DD7017 /* LaunchScreen.xib */; };
		9DF0E7C01B8E73AA00DD7017 /* IG_LabTests.swift in Sources */ = {isa = PBXBuildFile; fileRef = 9DF0E7BF1B8E73AA00DD7017 /* IG_LabTests.swift */; };
/* End PBXBuildFile section */

/* Begin PBXContainerItemProxy section */
		9DF0E7BA1B8E73AA00DD7017 /* PBXContainerItemProxy */ = {
			isa = PBXContainerItemProxy;
			containerPortal = 9DF0E79C1B8E73AA00DD7017 /* Project object */;
			proxyType = 1;
			remoteGlobalIDString = 9DF0E7A31B8E73AA00DD7017;
			remoteInfo = "IG Lab";
		};
/* End PBXContainerItemProxy section */

/* Begin PBXFileReference section */
		15B985AC974C3AC79DFA7E84 /* Pods-IG Lab.debug.xcconfig */ = {isa = PBXFileReference; includeInIndex = 1; lastKnownFileType = text.xcconfig; name = "Pods-IG Lab.debug.xcconfig"; path = "Pods/Target Support Files/Pods-IG Lab/Pods-IG Lab.debug.xcconfig"; sourceTree = "<group>"; };
		9D0F96FA1B8E913F0016E740 /* PhotoDetailsViewController.swift */ = {isa = PBXFileReference; fileEncoding = 4; lastKnownFileType = sourcecode.swift; path = PhotoDetailsViewController.swift; sourceTree = "<group>"; };
		9D6DFBD81B8E766500637CD0 /* PhotosViewController.swift */ = {isa = PBXFileReference; fileEncoding = 4; lastKnownFileType = sourcecode.swift; path = PhotosViewController.swift; sourceTree = "<group>"; };
		9D6DFBDB1B8E7AAE00637CD0 /* PhotoViewCell.swift */ = {isa = PBXFileReference; fileEncoding = 4; lastKnownFileType = sourcecode.swift; path = PhotoViewCell.swift; sourceTree = "<group>"; };
		9DF0E7A41B8E73AA00DD7017 /* IG Lab.app */ = {isa = PBXFileReference; explicitFileType = wrapper.application; includeInIndex = 0; path = "IG Lab.app"; sourceTree = BUILT_PRODUCTS_DIR; };
		9DF0E7A81B8E73AA00DD7017 /* Info.plist */ = {isa = PBXFileReference; lastKnownFileType = text.plist.xml; path = Info.plist; sourceTree = "<group>"; };
		9DF0E7A91B8E73AA00DD7017 /* AppDelegate.swift */ = {isa = PBXFileReference; lastKnownFileType = sourcecode.swift; path = AppDelegate.swift; sourceTree = "<group>"; };
		9DF0E7AE1B8E73AA00DD7017 /* Base */ = {isa = PBXFileReference; lastKnownFileType = file.storyboard; name = Base; path = Base.lproj/Main.storyboard; sourceTree = "<group>"; };
		9DF0E7B01B8E73AA00DD7017 /* Images.xcassets */ = {isa = PBXFileReference; lastKnownFileType = folder.assetcatalog; path = Images.xcassets; sourceTree = "<group>"; };
		9DF0E7B31B8E73AA00DD7017 /* Base */ = {isa = PBXFileReference; lastKnownFileType = file.xib; name = Base; path = Base.lproj/LaunchScreen.xib; sourceTree = "<group>"; };
		9DF0E7B91B8E73AA00DD7017 /* IG LabTests.xctest */ = {isa = PBXFileReference; explicitFileType = wrapper.cfbundle; includeInIndex = 0; path = "IG LabTests.xctest"; sourceTree = BUILT_PRODUCTS_DIR; };
		9DF0E7BE1B8E73AA00DD7017 /* Info.plist */ = {isa = PBXFileReference; lastKnownFileType = text.plist.xml; path = Info.plist; sourceTree = "<group>"; };
		9DF0E7BF1B8E73AA00DD7017 /* IG_LabTests.swift */ = {isa = PBXFileReference; lastKnownFileType = sourcecode.swift; path = IG_LabTests.swift; sourceTree = "<group>"; };
		C519B659006DEBB3A1327CE8 /* Pods_IG_Lab.framework */ = {isa = PBXFileReference; explicitFileType = wrapper.framework; includeInIndex = 0; path = Pods_IG_Lab.framework; sourceTree = BUILT_PRODUCTS_DIR; };
		F33ACDF01BF2047A4699B20A /* Pods-IG Lab.release.xcconfig */ = {isa = PBXFileReference; includeInIndex = 1; lastKnownFileType = text.xcconfig; name = "Pods-IG Lab.release.xcconfig"; path = "Pods/Target Support Files/Pods-IG Lab/Pods-IG Lab.release.xcconfig"; sourceTree = "<group>"; };
/* End PBXFileReference section */

/* Begin PBXFrameworksBuildPhase section */
		9DF0E7A11B8E73AA00DD7017 /* Frameworks */ = {
			isa = PBXFrameworksBuildPhase;
			buildActionMask = 2147483647;
			files = (
				4B95E162AFBBA2F7CE4D538A /* Pods_IG_Lab.framework in Frameworks */,
			);
			runOnlyForDeploymentPostprocessing = 0;
		};
		9DF0E7B61B8E73AA00DD7017 /* Frameworks */ = {
			isa = PBXFrameworksBuildPhase;
			buildActionMask = 2147483647;
			files = (
			);
			runOnlyForDeploymentPostprocessing = 0;
		};
/* End PBXFrameworksBuildPhase section */

/* Begin PBXGroup section */
		081FAD41AC05E03175A4B8B6 /* Pods */ = {
			isa = PBXGroup;
			children = (
				15B985AC974C3AC79DFA7E84 /* Pods-IG Lab.debug.xcconfig */,
				F33ACDF01BF2047A4699B20A /* Pods-IG Lab.release.xcconfig */,
			);
			name = Pods;
			sourceTree = "<group>";
		};
		2B1720E4B7EDB6B0C84938BC /* Frameworks */ = {
			isa = PBXGroup;
			children = (
				C519B659006DEBB3A1327CE8 /* Pods_IG_Lab.framework */,
			);
			name = Frameworks;
			sourceTree = "<group>";
		};
		9D6DFBDA1B8E7A9200637CD0 /* Views */ = {
			isa = PBXGroup;
			children = (
				9D6DFBDB1B8E7AAE00637CD0 /* PhotoViewCell.swift */,
			);
			name = Views;
			sourceTree = "<group>";
		};
		9DF0E79B1B8E73AA00DD7017 = {
			isa = PBXGroup;
			children = (
				9DF0E7A61B8E73AA00DD7017 /* IG Lab */,
				9DF0E7BC1B8E73AA00DD7017 /* IG LabTests */,
				9DF0E7A51B8E73AA00DD7017 /* Products */,
				081FAD41AC05E03175A4B8B6 /* Pods */,
				2B1720E4B7EDB6B0C84938BC /* Frameworks */,
			);
			sourceTree = "<group>";
		};
		9DF0E7A51B8E73AA00DD7017 /* Products */ = {
			isa = PBXGroup;
			children = (
				9DF0E7A41B8E73AA00DD7017 /* IG Lab.app */,
				9DF0E7B91B8E73AA00DD7017 /* IG LabTests.xctest */,
			);
			name = Products;
			sourceTree = "<group>";
		};
		9DF0E7A61B8E73AA00DD7017 /* IG Lab */ = {
			isa = PBXGroup;
			children = (
				9D6DFBDA1B8E7A9200637CD0 /* Views */,
				9DF0E7C91B8E73B500DD7017 /* View Controllers */,
				9DF0E7A91B8E73AA00DD7017 /* AppDelegate.swift */,
				9DF0E7AD1B8E73AA00DD7017 /* Main.storyboard */,
				9DF0E7B01B8E73AA00DD7017 /* Images.xcassets */,
				9DF0E7B21B8E73AA00DD7017 /* LaunchScreen.xib */,
				9DF0E7A71B8E73AA00DD7017 /* Supporting Files */,
			);
			path = "IG Lab";
			sourceTree = "<group>";
		};
		9DF0E7A71B8E73AA00DD7017 /* Supporting Files */ = {
			isa = PBXGroup;
			children = (
				9DF0E7A81B8E73AA00DD7017 /* Info.plist */,
			);
			name = "Supporting Files";
			sourceTree = "<group>";
		};
		9DF0E7BC1B8E73AA00DD7017 /* IG LabTests */ = {
			isa = PBXGroup;
			children = (
				9DF0E7BF1B8E73AA00DD7017 /* IG_LabTests.swift */,
				9DF0E7BD1B8E73AA00DD7017 /* Supporting Files */,
			);
			path = "IG LabTests";
			sourceTree = "<group>";
		};
		9DF0E7BD1B8E73AA00DD7017 /* Supporting Files */ = {
			isa = PBXGroup;
			children = (
				9DF0E7BE1B8E73AA00DD7017 /* Info.plist */,
			);
			name = "Supporting Files";
			sourceTree = "<group>";
		};
		9DF0E7C91B8E73B500DD7017 /* View Controllers */ = {
			isa = PBXGroup;
			children = (
				9D6DFBD81B8E766500637CD0 /* PhotosViewController.swift */,
				9D0F96FA1B8E913F0016E740 /* PhotoDetailsViewController.swift */,
			);
			name = "View Controllers";
			sourceTree = "<group>";
		};
/* End PBXGroup section */

/* Begin PBXNativeTarget section */
		9DF0E7A31B8E73AA00DD7017 /* IG Lab */ = {
			isa = PBXNativeTarget;
			buildConfigurationList = 9DF0E7C31B8E73AA00DD7017 /* Build configuration list for PBXNativeTarget "IG Lab" */;
			buildPhases = (
				F8F27818974B6283B54023B3 /* Check Pods Manifest.lock */,
				9DF0E7A01B8E73AA00DD7017 /* Sources */,
				9DF0E7A11B8E73AA00DD7017 /* Frameworks */,
				9DF0E7A21B8E73AA00DD7017 /* Resources */,
				DDB8BA8D3A1537A6AEC52A5A /* Copy Pods Resources */,
				CBDA1F1C5CFC5366D93F28C9 /* Embed Pods Frameworks */,
			);
			buildRules = (
			);
			dependencies = (
			);
			name = "IG Lab";
			productName = "IG Lab";
			productReference = 9DF0E7A41B8E73AA00DD7017 /* IG Lab.app */;
			productType = "com.apple.product-type.application";
		};
		9DF0E7B81B8E73AA00DD7017 /* IG LabTests */ = {
			isa = PBXNativeTarget;
			buildConfigurationList = 9DF0E7C61B8E73AA00DD7017 /* Build configuration list for PBXNativeTarget "IG LabTests" */;
			buildPhases = (
				9DF0E7B51B8E73AA00DD7017 /* Sources */,
				9DF0E7B61B8E73AA00DD7017 /* Frameworks */,
				9DF0E7B71B8E73AA00DD7017 /* Resources */,
			);
			buildRules = (
			);
			dependencies = (
				9DF0E7BB1B8E73AA00DD7017 /* PBXTargetDependency */,
			);
			name = "IG LabTests";
			productName = "IG LabTests";
			productReference = 9DF0E7B91B8E73AA00DD7017 /* IG LabTests.xctest */;
			productType = "com.apple.product-type.bundle.unit-test";
		};
/* End PBXNativeTarget section */

/* Begin PBXProject section */
		9DF0E79C1B8E73AA00DD7017 /* Project object */ = {
			isa = PBXProject;
			attributes = {
				LastUpgradeCheck = 0640;
				ORGANIZATIONNAME = daltomania;
				TargetAttributes = {
					9DF0E7A31B8E73AA00DD7017 = {
						CreatedOnToolsVersion = 6.4;
					};
					9DF0E7B81B8E73AA00DD7017 = {
						CreatedOnToolsVersion = 6.4;
						TestTargetID = 9DF0E7A31B8E73AA00DD7017;
					};
				};
			};
			buildConfigurationList = 9DF0E79F1B8E73AA00DD7017 /* Build configuration list for PBXProject "IG Lab" */;
			compatibilityVersion = "Xcode 3.2";
			developmentRegion = English;
			hasScannedForEncodings = 0;
			knownRegions = (
				en,
				Base,
			);
			mainGroup = 9DF0E79B1B8E73AA00DD7017;
			productRefGroup = 9DF0E7A51B8E73AA00DD7017 /* Products */;
			projectDirPath = "";
			projectRoot = "";
			targets = (
				9DF0E7A31B8E73AA00DD7017 /* IG Lab */,
				9DF0E7B81B8E73AA00DD7017 /* IG LabTests */,
			);
		};
/* End PBXProject section */

/* Begin PBXResourcesBuildPhase section */
		9DF0E7A21B8E73AA00DD7017 /* Resources */ = {
			isa = PBXResourcesBuildPhase;
			buildActionMask = 2147483647;
			files = (
				9DF0E7AF1B8E73AA00DD7017 /* Main.storyboard in Resources */,
				9DF0E7B41B8E73AA00DD7017 /* LaunchScreen.xib in Resources */,
				9DF0E7B11B8E73AA00DD7017 /* Images.xcassets in Resources */,
			);
			runOnlyForDeploymentPostprocessing = 0;
		};
		9DF0E7B71B8E73AA00DD7017 /* Resources */ = {
			isa = PBXResourcesBuildPhase;
			buildActionMask = 2147483647;
			files = (
			);
			runOnlyForDeploymentPostprocessing = 0;
		};
/* End PBXResourcesBuildPhase section */

/* Begin PBXShellScriptBuildPhase section */
		CBDA1F1C5CFC5366D93F28C9 /* Embed Pods Frameworks */ = {
			isa = PBXShellScriptBuildPhase;
			buildActionMask = 2147483647;
			files = (
			);
			inputPaths = (
			);
			name = "Embed Pods Frameworks";
			outputPaths = (
			);
			runOnlyForDeploymentPostprocessing = 0;
			shellPath = /bin/sh;
			shellScript = "\"${SRCROOT}/Pods/Target Support Files/Pods-IG Lab/Pods-IG Lab-frameworks.sh\"\n";
			showEnvVarsInLog = 0;
		};
		DDB8BA8D3A1537A6AEC52A5A /* Copy Pods Resources */ = {
			isa = PBXShellScriptBuildPhase;
			buildActionMask = 2147483647;
			files = (
			);
			inputPaths = (
			);
			name = "Copy Pods Resources";
			outputPaths = (
			);
			runOnlyForDeploymentPostprocessing = 0;
			shellPath = /bin/sh;
			shellScript = "\"${SRCROOT}/Pods/Target Support Files/Pods-IG Lab/Pods-IG Lab-resources.sh\"\n";
			showEnvVarsInLog = 0;
		};
		F8F27818974B6283B54023B3 /* Check Pods Manifest.lock */ = {
			isa = PBXShellScriptBuildPhase;
			buildActionMask = 2147483647;
			files = (
			);
			inputPaths = (
			);
			name = "Check Pods Manifest.lock";
			outputPaths = (
			);
			runOnlyForDeploymentPostprocessing = 0;
			shellPath = /bin/sh;
			shellScript = "diff \"${PODS_ROOT}/../Podfile.lock\" \"${PODS_ROOT}/Manifest.lock\" > /dev/null\nif [[ $? != 0 ]] ; then\n    cat << EOM\nerror: The sandbox is not in sync with the Podfile.lock. Run 'pod install' or update your CocoaPods installation.\nEOM\n    exit 1\nfi\n";
			showEnvVarsInLog = 0;
		};
/* End PBXShellScriptBuildPhase section */

/* Begin PBXSourcesBuildPhase section */
		9DF0E7A01B8E73AA00DD7017 /* Sources */ = {
			isa = PBXSourcesBuildPhase;
			buildActionMask = 2147483647;
			files = (
				9D0F96FB1B8E913F0016E740 /* PhotoDetailsViewController.swift in Sources */,
				9DF0E7AA1B8E73AA00DD7017 /* AppDelegate.swift in Sources */,
				9D6DFBD91B8E766500637CD0 /* PhotosViewController.swift in Sources */,
				9D6DFBDC1B8E7AAE00637CD0 /* PhotoViewCell.swift in Sources */,
			);
			runOnlyForDeploymentPostprocessing = 0;
		};
		9DF0E7B51B8E73AA00DD7017 /* Sources */ = {
			isa = PBXSourcesBuildPhase;
			buildActionMask = 2147483647;
			files = (
				9DF0E7C01B8E73AA00DD7017 /* IG_LabTests.swift in Sources */,
			);
			runOnlyForDeploymentPostprocessing = 0;
		};
/* End PBXSourcesBuildPhase section */

/* Begin PBXTargetDependency section */
		9DF0E7BB1B8E73AA00DD7017 /* PBXTargetDependency */ = {
			isa = PBXTargetDependency;
			target = 9DF0E7A31B8E73AA00DD7017 /* IG Lab */;
			targetProxy = 9DF0E7BA1B8E73AA00DD7017 /* PBXContainerItemProxy */;
		};
/* End PBXTargetDependency section */

/* Begin PBXVariantGroup section */
		9DF0E7AD1B8E73AA00DD7017 /* Main.storyboard */ = {
			isa = PBXVariantGroup;
			children = (
				9DF0E7AE1B8E73AA00DD7017 /* Base */,
			);
			name = Main.storyboard;
			sourceTree = "<group>";
		};
		9DF0E7B21B8E73AA00DD7017 /* LaunchScreen.xib */ = {
			isa = PBXVariantGroup;
			children = (
				9DF0E7B31B8E73AA00DD7017 /* Base */,
			);
			name = LaunchScreen.xib;
			sourceTree = "<group>";
		};
/* End PBXVariantGroup section */

/* Begin XCBuildConfiguration section */
		9DF0E7C11B8E73AA00DD7017 /* Debug */ = {
			isa = XCBuildConfiguration;
			buildSettings = {
				ALWAYS_SEARCH_USER_PATHS = NO;
				CLANG_CXX_LANGUAGE_STANDARD = "gnu++0x";
				CLANG_CXX_LIBRARY = "libc++";
				CLANG_ENABLE_MODULES = YES;
				CLANG_ENABLE_OBJC_ARC = YES;
				CLANG_WARN_BOOL_CONVERSION = YES;
				CLANG_WARN_CONSTANT_CONVERSION = YES;
				CLANG_WARN_DIRECT_OBJC_ISA_USAGE = YES_ERROR;
				CLANG_WARN_EMPTY_BODY = YES;
				CLANG_WARN_ENUM_CONVERSION = YES;
				CLANG_WARN_INT_CONVERSION = YES;
				CLANG_WARN_OBJC_ROOT_CLASS = YES_ERROR;
				CLANG_WARN_UNREACHABLE_CODE = YES;
				CLANG_WARN__DUPLICATE_METHOD_MATCH = YES;
				"CODE_SIGN_IDENTITY[sdk=iphoneos*]" = "iPhone Developer";
				COPY_PHASE_STRIP = NO;
				DEBUG_INFORMATION_FORMAT = "dwarf-with-dsym";
				ENABLE_STRICT_OBJC_MSGSEND = YES;
				GCC_C_LANGUAGE_STANDARD = gnu99;
				GCC_DYNAMIC_NO_PIC = NO;
				GCC_NO_COMMON_BLOCKS = YES;
				GCC_OPTIMIZATION_LEVEL = 0;
				GCC_PREPROCESSOR_DEFINITIONS = (
					"DEBUG=1",
					"$(inherited)",
				);
				GCC_SYMBOLS_PRIVATE_EXTERN = NO;
				GCC_WARN_64_TO_32_BIT_CONVERSION = YES;
				GCC_WARN_ABOUT_RETURN_TYPE = YES_ERROR;
				GCC_WARN_UNDECLARED_SELECTOR = YES;
				GCC_WARN_UNINITIALIZED_AUTOS = YES_AGGRESSIVE;
				GCC_WARN_UNUSED_FUNCTION = YES;
				GCC_WARN_UNUSED_VARIABLE = YES;
				IPHONEOS_DEPLOYMENT_TARGET = 8.4;
				MTL_ENABLE_DEBUG_INFO = YES;
				ONLY_ACTIVE_ARCH = YES;
				SDKROOT = iphoneos;
				SWIFT_OPTIMIZATION_LEVEL = "-Onone";
			};
			name = Debug;
		};
		9DF0E7C21B8E73AA00DD7017 /* Release */ = {
			isa = XCBuildConfiguration;
			buildSettings = {
				ALWAYS_SEARCH_USER_PATHS = NO;
				CLANG_CXX_LANGUAGE_STANDARD = "gnu++0x";
				CLANG_CXX_LIBRARY = "libc++";
				CLANG_ENABLE_MODULES = YES;
				CLANG_ENABLE_OBJC_ARC = YES;
				CLANG_WARN_BOOL_CONVERSION = YES;
				CLANG_WARN_CONSTANT_CONVERSION = YES;
				CLANG_WARN_DIRECT_OBJC_ISA_USAGE = YES_ERROR;
				CLANG_WARN_EMPTY_BODY = YES;
				CLANG_WARN_ENUM_CONVERSION = YES;
				CLANG_WARN_INT_CONVERSION = YES;
				CLANG_WARN_OBJC_ROOT_CLASS = YES_ERROR;
				CLANG_WARN_UNREACHABLE_CODE = YES;
				CLANG_WARN__DUPLICATE_METHOD_MATCH = YES;
				"CODE_SIGN_IDENTITY[sdk=iphoneos*]" = "iPhone Developer";
				COPY_PHASE_STRIP = NO;
				DEBUG_INFORMATION_FORMAT = "dwarf-with-dsym";
				ENABLE_NS_ASSERTIONS = NO;
				ENABLE_STRICT_OBJC_MSGSEND = YES;
				GCC_C_LANGUAGE_STANDARD = gnu99;
				GCC_NO_COMMON_BLOCKS = YES;
				GCC_WARN_64_TO_32_BIT_CONVERSION = YES;
				GCC_WARN_ABOUT_RETURN_TYPE = YES_ERROR;
				GCC_WARN_UNDECLARED_SELECTOR = YES;
				GCC_WARN_UNINITIALIZED_AUTOS = YES_AGGRESSIVE;
				GCC_WARN_UNUSED_FUNCTION = YES;
				GCC_WARN_UNUSED_VARIABLE = YES;
				IPHONEOS_DEPLOYMENT_TARGET = 8.4;
				MTL_ENABLE_DEBUG_INFO = NO;
				SDKROOT = iphoneos;
				VALIDATE_PRODUCT = YES;
			};
			name = Release;
		};
		9DF0E7C41B8E73AA00DD7017 /* Debug */ = {
			isa = XCBuildConfiguration;
			baseConfigurationReference = 15B985AC974C3AC79DFA7E84 /* Pods-IG Lab.debug.xcconfig */;
			buildSettings = {
				ASSETCATALOG_COMPILER_APPICON_NAME = AppIcon;
				INFOPLIST_FILE = "IG Lab/Info.plist";
				LD_RUNPATH_SEARCH_PATHS = "$(inherited) @executable_path/Frameworks";
				PRODUCT_NAME = "$(TARGET_NAME)";
			};
			name = Debug;
		};
		9DF0E7C51B8E73AA00DD7017 /* Release */ = {
			isa = XCBuildConfiguration;
			baseConfigurationReference = F33ACDF01BF2047A4699B20A /* Pods-IG Lab.release.xcconfig */;
			buildSettings = {
				ASSETCATALOG_COMPILER_APPICON_NAME = AppIcon;
				INFOPLIST_FILE = "IG Lab/Info.plist";
				LD_RUNPATH_SEARCH_PATHS = "$(inherited) @executable_path/Frameworks";
				PRODUCT_NAME = "$(TARGET_NAME)";
			};
			name = Release;
		};
		9DF0E7C71B8E73AA00DD7017 /* Debug */ = {
			isa = XCBuildConfiguration;
			buildSettings = {
				BUNDLE_LOADER = "$(TEST_HOST)";
				FRAMEWORK_SEARCH_PATHS = (
					"$(SDKROOT)/Developer/Library/Frameworks",
					"$(inherited)",
				);
				GCC_PREPROCESSOR_DEFINITIONS = (
					"DEBUG=1",
					"$(inherited)",
				);
				INFOPLIST_FILE = "IG LabTests/Info.plist";
				LD_RUNPATH_SEARCH_PATHS = "$(inherited) @executable_path/Frameworks @loader_path/Frameworks";
				PRODUCT_NAME = "$(TARGET_NAME)";
				TEST_HOST = "$(BUILT_PRODUCTS_DIR)/IG Lab.app/IG Lab";
			};
			name = Debug;
		};
		9DF0E7C81B8E73AA00DD7017 /* Release */ = {
			isa = XCBuildConfiguration;
			buildSettings = {
				BUNDLE_LOADER = "$(TEST_HOST)";
				FRAMEWORK_SEARCH_PATHS = (
					"$(SDKROOT)/Developer/Library/Frameworks",
					"$(inherited)",
				);
				INFOPLIST_FILE = "IG LabTests/Info.plist";
				LD_RUNPATH_SEARCH_PATHS = "$(inherited) @executable_path/Frameworks @loader_path/Frameworks";
				PRODUCT_NAME = "$(TARGET_NAME)";
				TEST_HOST = "$(BUILT_PRODUCTS_DIR)/IG Lab.app/IG Lab";
			};
			name = Release;
		};
/* End XCBuildConfiguration section */

/* Begin XCConfigurationList section */
		9DF0E79F1B8E73AA00DD7017 /* Build configuration list for PBXProject "IG Lab" */ = {
			isa = XCConfigurationList;
			buildConfigurations = (
				9DF0E7C11B8E73AA00DD7017 /* Debug */,
				9DF0E7C21B8E73AA00DD7017 /* Release */,
			);
			defaultConfigurationIsVisible = 0;
			defaultConfigurationName = Release;
		};
		9DF0E7C31B8E73AA00DD7017 /* Build configuration list for PBXNativeTarget "IG Lab" */ = {
			isa = XCConfigurationList;
			buildConfigurations = (
				9DF0E7C41B8E73AA00DD7017 /* Debug */,
				9DF0E7C51B8E73AA00DD7017 /* Release */,
			);
			defaultConfigurationIsVisible = 0;
			defaultConfigurationName = Release;
		};
		9DF0E7C61B8E73AA00DD7017 /* Build configuration list for PBXNativeTarget "IG LabTests" */ = {
			isa = XCConfigurationList;
			buildConfigurations = (
				9DF0E7C71B8E73AA00DD7017 /* Debug */,
				9DF0E7C81B8E73AA00DD7017 /* Release */,
			);
			defaultConfigurationIsVisible = 0;
			defaultConfigurationName = Release;
		};
/* End XCConfigurationList section */
	};
	rootObject = 9DF0E79C1B8E73AA00DD7017 /* Project object */;
}
